PODS:
  - Alamofire (4.8.2)
  - AlamofireObjectMapper (5.2.1):
    - Alamofire (~> 4.7)
    - ObjectMapper (~> 3.4)
  - Bugly (2.5.0)
  - CocoaLumberjack/Core (3.6.0)
  - CocoaLumberjack/Swift (3.6.0):
    - CocoaLumberjack/Core
  - FDFullscreenPopGesture (1.1)
  - FMDB (2.7.5):
    - FMDB/standard (= 2.7.5)
  - FMDB/standard (2.7.5)
  - Kingfisher (5.9.0):
    - Kingfisher/Core (= 5.9.0)
  - Kingfisher/Core (5.9.0)
  - lottie-ios (3.1.3)
  - ObjectMapper (3.5.1)
  - SAMKeychain (1.5.3)
  - SnapKit (5.0.1)
  - Toast-Swift (5.0.0)
  - ZipArchive (1.4.0)

DEPENDENCIES:
  - Alamofire (~> 4.8.2)
  - AlamofireObjectMapper (~> 5.2)
  - Bugly
  - CocoaLumberjack/Swift
  - FDFullscreenPopGesture (= 1.1)
  - FMDB
  - Kingfisher (~> 5.7)
  - lottie-ios
  - ObjectMapper (~> 3.5.1)
  - SAMKeychain
  - SnapKit (~> 5.0.0)
  - Toast-Swift (~> 5.0.0)
  - ZipArchive

SPEC REPOS:
  https://github.com/CocoaPods/Specs.git:
    - Alamofire
    - AlamofireObjectMapper
    - Bugly
    - CocoaLumberjack
    - FDFullscreenPopGesture
    - FMDB
    - Kingfisher
    - lottie-ios
    - ObjectMapper
    - SAMKeychain
    - SnapKit
    - Toast-Swift
    - ZipArchive

SPEC CHECKSUMS:
  Alamofire: ae5c501addb7afdbb13687d7f2f722c78734c2d3
  AlamofireObjectMapper: 1989f690e982b71921b9253f53a4f33a9bc00d88
  Bugly: 3ca9f255c01025582df26f9222893b383c7e4b4e
  CocoaLumberjack: 78b0c238666f4f58db069738ec176f4519557516
  FDFullscreenPopGesture: a8a620179e3d9c40e8e00256dcee1c1a27c6d0f0
  FMDB: 2ce00b547f966261cd18927a3ddb07cb6f3db82a
  Kingfisher: ff98240aebb7302bdc4f1ecd701761030ce18b16
  lottie-ios: 496ac5cea1bbf1a7bd1f1f472f3232eb1b8d744b
  ObjectMapper: 70187b8941977c62ccfb423caf6b50be405cabf0
  SAMKeychain: 483e1c9f32984d50ca961e26818a534283b4cd5c
  SnapKit: 97b92857e3df3a0c71833cce143274bf6ef8e5eb
  Toast-Swift: 36f4720243c8582c2be243a60a51e193c761f541
  ZipArchive: e25a4373192673e3229ac8d6e9f64a3e5713c966

PODFILE CHECKSUM: ea6b8ab122b308c4d3467a5799528e4dad4a5bda

COCOAPODS: 1.8.4
