PODS:
  - Alamofire (4.8.2)
  - AlamofireObjectMapper (5.2.0):
    - Alamofire (~> 4.7)
    - ObjectMapper (~> 3.4)
  - Bugly (2.5.0)
  - CocoaLumberjack/Core (3.5.3)
  - CocoaLumberjack/Swift (3.5.3):
    - CocoaLumberjack/Core
  - FMDB (2.7.5):
    - FMDB/standard (= 2.7.5)
  - FMDB/standard (2.7.5)
  - Kingfisher (5.7.0)
  - lottie-ios (3.1.2)
  - ObjectMapper (3.5.1)
  - SAMKeychain (1.5.3)
  - SnapKit (5.0.1)
  - SSZipArchive (2.2.2)
  - Toast-Swift (5.0.0)

DEPENDENCIES:
  - Alamofire (~> 4.8.2)
  - AlamofireObjectMapper (~> 5.2)
  - Bugly
  - CocoaLumberjack/Swift
  - FMDB
  - Kingfisher (~> 5.7)
  - lottie-ios
  - ObjectMapper (~> 3.5.1)
  - SAMKeychain
  - SnapKit (~> 5.0.0)
  - SSZipArchive
  - Toast-Swift (~> 5.0.0)

SPEC REPOS:
  https://github.com/CocoaPods/Specs.git:
    - Alamofire
    - AlamofireObjectMapper
    - Bugly
    - CocoaLumberjack
    - FMDB
    - Kingfisher
    - lottie-ios
    - ObjectMapper
    - SAMKeychain
    - SnapKit
    - SSZipArchive
    - Toast-Swift

SPEC CHECKSUMS:
  Alamofire: ae5c501addb7afdbb13687d7f2f722c78734c2d3
  AlamofireObjectMapper: 92b6ce2423a9d159e686f6a1d514a009bf903ddc
  Bugly: 3ca9f255c01025582df26f9222893b383c7e4b4e
  CocoaLumberjack: 2f44e60eb91c176d471fdba43b9e3eae6a721947
  FMDB: 2ce00b547f966261cd18927a3ddb07cb6f3db82a
  Kingfisher: c7d211b54f1f30d8060aadab177d52b4349c825b
  lottie-ios: 49cd85b1f24f61a7708ad7ec76a523ab2d0e3100
  ObjectMapper: 70187b8941977c62ccfb423caf6b50be405cabf0
  SAMKeychain: 483e1c9f32984d50ca961e26818a534283b4cd5c
  SnapKit: 97b92857e3df3a0c71833cce143274bf6ef8e5eb
  SSZipArchive: fa16b8cc4cdeceb698e5e5d9f67e9558532fbf23
  Toast-Swift: 36f4720243c8582c2be243a60a51e193c761f541

PODFILE CHECKSUM: 8f2bae6ce43c6de99a42e1ede6ca3ca00cf384c4

COCOAPODS: 1.8.0.beta.1
