// !$*UTF8*$!
{
	archiveVersion = 1;
	classes = {
	};
	objectVersion = 51;
	objects = {

/* Begin PBXBuildFile section */
		2211803322EEE47500B77911 /* CALayer+Extension.swift in Sources */ = {isa = PBXBuildFile; fileRef = 2211803222EEE47500B77911 /* CALayer+Extension.swift */; };
		221F5C4A22E95B4000F9355C /* AppDelegate+Extension.swift in Sources */ = {isa = PBXBuildFile; fileRef = 221F5C4922E95B4000F9355C /* AppDelegate+Extension.swift */; };
		22413E3222E83E2100F2C678 /* DeviceInfoGlobal.swift in Sources */ = {isa = PBXBuildFile; fileRef = 22413E3122E83E2100F2C678 /* DeviceInfoGlobal.swift */; };
		22413E3422E8400900F2C678 /* NotificationNameGlobal.swift in Sources */ = {isa = PBXBuildFile; fileRef = 22413E3322E8400900F2C678 /* NotificationNameGlobal.swift */; };
		224581FE2325EFCD0031CC7A /* BPSQLManager.swift in Sources */ = {isa = PBXBuildFile; fileRef = 224581FD2325EFCD0031CC7A /* BPSQLManager.swift */; };
		224582012326032B0031CC7A /* IMDBCenter.swift in Sources */ = {isa = PBXBuildFile; fileRef = 224582002326032B0031CC7A /* IMDBCenter.swift */; };
		224582032326044D0031CC7A /* NormalDBCenter.swift in Sources */ = {isa = PBXBuildFile; fileRef = 224582022326044D0031CC7A /* NormalDBCenter.swift */; };
		22458205232604D90031CC7A /* BPIMDBOperator.swift in Sources */ = {isa = PBXBuildFile; fileRef = 22458204232604D90031CC7A /* BPIMDBOperator.swift */; };
		22458207232604EA0031CC7A /* BPNormalDBOperator.swift in Sources */ = {isa = PBXBuildFile; fileRef = 22458206232604EA0031CC7A /* BPNormalDBOperator.swift */; };
		2245820B2326549E0031CC7A /* BPCacheManager.swift in Sources */ = {isa = PBXBuildFile; fileRef = 2245820A2326549E0031CC7A /* BPCacheManager.swift */; };
		22642BA6233A451D004E1DF9 /* NSObject+CrashDefender.m in Sources */ = {isa = PBXBuildFile; fileRef = 22642BA5233A451D004E1DF9 /* NSObject+CrashDefender.m */; };
		2264EF7B22F7BDE500A89C82 /* BPAlertManager.swift in Sources */ = {isa = PBXBuildFile; fileRef = 2264EF7A22F7BDE500A89C82 /* BPAlertManager.swift */; };
		2264EF7D22F7C6E500A89C82 /* BPTopWindowView.swift in Sources */ = {isa = PBXBuildFile; fileRef = 2264EF7C22F7C6E500A89C82 /* BPTopWindowView.swift */; };
		2264EF7F22F820F900A89C82 /* BPAlerViewTwoButton.swift in Sources */ = {isa = PBXBuildFile; fileRef = 2264EF7E22F820F900A89C82 /* BPAlerViewTwoButton.swift */; };
		2264EF8122F90EED00A89C82 /* BPBaseAlertView.swift in Sources */ = {isa = PBXBuildFile; fileRef = 2264EF8022F90EED00A89C82 /* BPBaseAlertView.swift */; };
		2264EF8422F91BF900A89C82 /* BPAlertViewOneButton.swift in Sources */ = {isa = PBXBuildFile; fileRef = 2264EF8322F91BF900A89C82 /* BPAlertViewOneButton.swift */; };
		2264EF8622F91E0700A89C82 /* BPAlertViewZeroButton.swift in Sources */ = {isa = PBXBuildFile; fileRef = 2264EF8522F91E0700A89C82 /* BPAlertViewZeroButton.swift */; };
		2264EF8822F9302B00A89C82 /* BPAlertViewImage.swift in Sources */ = {isa = PBXBuildFile; fileRef = 2264EF8722F9302B00A89C82 /* BPAlertViewImage.swift */; };
		2264EF8C22F9738700A89C82 /* iconfont.ttf in Resources */ = {isa = PBXBuildFile; fileRef = 2264EF8B22F9738700A89C82 /* iconfont.ttf */; };
		2264EF8E22F979BD00A89C82 /* BPBaseRequest.swift in Sources */ = {isa = PBXBuildFile; fileRef = 2264EF8D22F979BD00A89C82 /* BPBaseRequest.swift */; };
		2264EF9022F979DB00A89C82 /* BPBaseResopnse.swift in Sources */ = {isa = PBXBuildFile; fileRef = 2264EF8F22F979DB00A89C82 /* BPBaseResopnse.swift */; };
		2264EF9222F97A0E00A89C82 /* BPNetworkService.swift in Sources */ = {isa = PBXBuildFile; fileRef = 2264EF9122F97A0E00A89C82 /* BPNetworkService.swift */; };
		2264EF9422F97A2800A89C82 /* BPTaskRequest.swift in Sources */ = {isa = PBXBuildFile; fileRef = 2264EF9322F97A2800A89C82 /* BPTaskRequest.swift */; };
		2264EF9622F98A3700A89C82 /* BPBaseButton.swift in Sources */ = {isa = PBXBuildFile; fileRef = 2264EF9522F98A3700A89C82 /* BPBaseButton.swift */; };
		22A877BE22FAB679004FF3A7 /* BPBaseImageView.swift in Sources */ = {isa = PBXBuildFile; fileRef = 22A877BD22FAB679004FF3A7 /* BPBaseImageView.swift */; };
		22C621B822DC805600A7C849 /* AppDelegate.swift in Sources */ = {isa = PBXBuildFile; fileRef = 22C621B722DC805600A7C849 /* AppDelegate.swift */; };
		22C621BA22DC805600A7C849 /* ViewController1.swift in Sources */ = {isa = PBXBuildFile; fileRef = 22C621B922DC805600A7C849 /* ViewController1.swift */; };
		22C621BF22DC805600A7C849 /* Assets.xcassets in Resources */ = {isa = PBXBuildFile; fileRef = 22C621BE22DC805600A7C849 /* Assets.xcassets */; };
		22C621C222DC805600A7C849 /* LaunchScreen.storyboard in Resources */ = {isa = PBXBuildFile; fileRef = 22C621C022DC805600A7C849 /* LaunchScreen.storyboard */; };
		22C621DD22DC822700A7C849 /* YYWantToKnowQuestionListModel.swift in Sources */ = {isa = PBXBuildFile; fileRef = 22C621DC22DC822700A7C849 /* YYWantToKnowQuestionListModel.swift */; };
		22C621DF22DC886300A7C849 /* YYBaseModel.swift in Sources */ = {isa = PBXBuildFile; fileRef = 22C621DE22DC886300A7C849 /* YYBaseModel.swift */; };
		22C621EE22DC8A7800A7C849 /* UIDevice+Extension.swift in Sources */ = {isa = PBXBuildFile; fileRef = 22C621ED22DC8A7800A7C849 /* UIDevice+Extension.swift */; };
		22C621F122DC8D1000A7C849 /* YYGlobal.swift in Sources */ = {isa = PBXBuildFile; fileRef = 22C621F022DC8D1000A7C849 /* YYGlobal.swift */; };
		22C621F722DC8E0B00A7C849 /* UIColor+Extension.swift in Sources */ = {isa = PBXBuildFile; fileRef = 22C621F622DC8E0B00A7C849 /* UIColor+Extension.swift */; };
		22C6221B22DF11AC00A7C849 /* YYUsrHomePageDataRequestAPI.swift in Sources */ = {isa = PBXBuildFile; fileRef = 22C6221A22DF11AC00A7C849 /* YYUsrHomePageDataRequestAPI.swift */; };
		22C6221D22DF120900A7C849 /* Error+Extension.swift in Sources */ = {isa = PBXBuildFile; fileRef = 22C6221C22DF120900A7C849 /* Error+Extension.swift */; };
		22D018F92321F7F0007AFA1B /* BPDatabaseProtocol.swift in Sources */ = {isa = PBXBuildFile; fileRef = 22D018F82321F7F0007AFA1B /* BPDatabaseProtocol.swift */; };
		22D018FB2321F800007AFA1B /* BPDatabaseManager.swift in Sources */ = {isa = PBXBuildFile; fileRef = 22D018FA2321F800007AFA1B /* BPDatabaseManager.swift */; };
		22D4980D22FBC67300281530 /* top-loading.json in Resources */ = {isa = PBXBuildFile; fileRef = 22D4980C22FBC67300281530 /* top-loading.json */; };
		22D4980F22FBCD0800281530 /* center-loading.json in Resources */ = {isa = PBXBuildFile; fileRef = 22D4980E22FBCD0800281530 /* center-loading.json */; };
		22D4981122FBCD9B00281530 /* BPBaseTableViewController.swift in Sources */ = {isa = PBXBuildFile; fileRef = 22D4981022FBCD9B00281530 /* BPBaseTableViewController.swift */; };
		22D4981322FBCDA900281530 /* BPBaseViewController.swift in Sources */ = {isa = PBXBuildFile; fileRef = 22D4981222FBCDA900281530 /* BPBaseViewController.swift */; };
		22D4981522FBCDC600281530 /* BPNavigationBar.swift in Sources */ = {isa = PBXBuildFile; fileRef = 22D4981422FBCDC600281530 /* BPNavigationBar.swift */; };
		22D4981722FD05DD00281530 /* BPBaseRefreshControl.swift in Sources */ = {isa = PBXBuildFile; fileRef = 22D4981622FD05DD00281530 /* BPBaseRefreshControl.swift */; };
		22D4981A22FD0A8B00281530 /* BPScrollRefreshProtocol.swift in Sources */ = {isa = PBXBuildFile; fileRef = 22D4981922FD0A8B00281530 /* BPScrollRefreshProtocol.swift */; };
		22D4981F22FD163A00281530 /* BPRefreshHeaderView.swift in Sources */ = {isa = PBXBuildFile; fileRef = 22D4981E22FD163A00281530 /* BPRefreshHeaderView.swift */; };
		22D4982122FD164600281530 /* BPRefreshFooterView.swift in Sources */ = {isa = PBXBuildFile; fileRef = 22D4982022FD164600281530 /* BPRefreshFooterView.swift */; };
		7B212ACC1EB4CBADF5DD63D4 /* Pods_BaseProject.framework in Frameworks */ = {isa = PBXBuildFile; fileRef = FCE0B51EBB89FBFB5A61CACA /* Pods_BaseProject.framework */; };
		CF26719022FEB39B00E6B47F /* BPBaseTabBarController.swift in Sources */ = {isa = PBXBuildFile; fileRef = CF26718F22FEB39B00E6B47F /* BPBaseTabBarController.swift */; };
		CF26719222FEF6E700E6B47F /* BPTabBar.swift in Sources */ = {isa = PBXBuildFile; fileRef = CF26719122FEF6E700E6B47F /* BPTabBar.swift */; };
		CF26719422FF0A4300E6B47F /* ViewController2.swift in Sources */ = {isa = PBXBuildFile; fileRef = CF26719322FF0A4300E6B47F /* ViewController2.swift */; };
		CF26719622FF0A5900E6B47F /* ViewController3.swift in Sources */ = {isa = PBXBuildFile; fileRef = CF26719522FF0A5900E6B47F /* ViewController3.swift */; };
		CF26719822FF0A6B00E6B47F /* ViewController4.swift in Sources */ = {isa = PBXBuildFile; fileRef = CF26719722FF0A6B00E6B47F /* ViewController4.swift */; };
		CF26719A22FF0B1B00E6B47F /* BPBaseNavigationController.swift in Sources */ = {isa = PBXBuildFile; fileRef = CF26719922FF0B1B00E6B47F /* BPBaseNavigationController.swift */; };
		CF26719D22FF973300E6B47F /* PublishView.swift in Sources */ = {isa = PBXBuildFile; fileRef = CF26719C22FF973300E6B47F /* PublishView.swift */; };
		CF87869622F6F5380031E4B9 /* UINavigationController+Extension.swift in Sources */ = {isa = PBXBuildFile; fileRef = CF87869522F6F5380031E4B9 /* UINavigationController+Extension.swift */; };
		CF87869822F709C20031E4B9 /* BPAuthoriationManager.swift in Sources */ = {isa = PBXBuildFile; fileRef = CF87869722F709C20031E4B9 /* BPAuthoriationManager.swift */; };
		CF87869A22F87BD60031E4B9 /* UIImage+Extension.swift in Sources */ = {isa = PBXBuildFile; fileRef = CF87869922F87BD60031E4B9 /* UIImage+Extension.swift */; };
		CF8EB56422DCC05D00EC2FE5 /* SAMKeychain+Extension.swift in Sources */ = {isa = PBXBuildFile; fileRef = CF8EB56322DCC05D00EC2FE5 /* SAMKeychain+Extension.swift */; };
		CF8EB56622DCC09B00EC2FE5 /* Bundle+Extension.swift in Sources */ = {isa = PBXBuildFile; fileRef = CF8EB56522DCC09B00EC2FE5 /* Bundle+Extension.swift */; };
		CF8EB56B22DCC45800EC2FE5 /* UserDefault+Extension.swift in Sources */ = {isa = PBXBuildFile; fileRef = CF8EB56A22DCC45800EC2FE5 /* UserDefault+Extension.swift */; };
		CF8EB57B22DCC61400EC2FE5 /* AVFoundation.framework in Frameworks */ = {isa = PBXBuildFile; fileRef = CF8EB57A22DCC61400EC2FE5 /* AVFoundation.framework */; };
		CF8EB58B22DCCCA600EC2FE5 /* UIFont+Extension.swift in Sources */ = {isa = PBXBuildFile; fileRef = CF8EB58A22DCCCA600EC2FE5 /* UIFont+Extension.swift */; };
		CF8EB58D22DCCCFC00EC2FE5 /* String+Extension.swift in Sources */ = {isa = PBXBuildFile; fileRef = CF8EB58C22DCCCFC00EC2FE5 /* String+Extension.swift */; };
		CF8EB59C22DCCEBC00EC2FE5 /* IconFontString.swift in Sources */ = {isa = PBXBuildFile; fileRef = CF8EB59B22DCCEBC00EC2FE5 /* IconFontString.swift */; };
		CF8EB59E22DCD04300EC2FE5 /* Date+Extension.swift in Sources */ = {isa = PBXBuildFile; fileRef = CF8EB59D22DCD04300EC2FE5 /* Date+Extension.swift */; };
		CF8EB5A022DCD08A00EC2FE5 /* UIView+Extension.swift in Sources */ = {isa = PBXBuildFile; fileRef = CF8EB59F22DCD08A00EC2FE5 /* UIView+Extension.swift */; };
		CF8EB5A222DCD0DC00EC2FE5 /* UIViewController+Extension.swift in Sources */ = {isa = PBXBuildFile; fileRef = CF8EB5A122DCD0DC00EC2FE5 /* UIViewController+Extension.swift */; };
		CF8EB5A622DCD1B300EC2FE5 /* YYBaseViewController+CustomNavigationBar.swift in Sources */ = {isa = PBXBuildFile; fileRef = CF8EB5A522DCD1B300EC2FE5 /* YYBaseViewController+CustomNavigationBar.swift */; };
/* End PBXBuildFile section */

/* Begin PBXFileReference section */
		2211803222EEE47500B77911 /* CALayer+Extension.swift */ = {isa = PBXFileReference; lastKnownFileType = sourcecode.swift; path = "CALayer+Extension.swift"; sourceTree = "<group>"; };
		221F5C4922E95B4000F9355C /* AppDelegate+Extension.swift */ = {isa = PBXFileReference; lastKnownFileType = sourcecode.swift; path = "AppDelegate+Extension.swift"; sourceTree = "<group>"; };
		22413E3122E83E2100F2C678 /* DeviceInfoGlobal.swift */ = {isa = PBXFileReference; lastKnownFileType = sourcecode.swift; path = DeviceInfoGlobal.swift; sourceTree = "<group>"; };
		22413E3322E8400900F2C678 /* NotificationNameGlobal.swift */ = {isa = PBXFileReference; lastKnownFileType = sourcecode.swift; path = NotificationNameGlobal.swift; sourceTree = "<group>"; };
		224581FD2325EFCD0031CC7A /* BPSQLManager.swift */ = {isa = PBXFileReference; lastKnownFileType = sourcecode.swift; path = BPSQLManager.swift; sourceTree = "<group>"; };
		224582002326032B0031CC7A /* IMDBCenter.swift */ = {isa = PBXFileReference; lastKnownFileType = sourcecode.swift; path = IMDBCenter.swift; sourceTree = "<group>"; };
		224582022326044D0031CC7A /* NormalDBCenter.swift */ = {isa = PBXFileReference; lastKnownFileType = sourcecode.swift; path = NormalDBCenter.swift; sourceTree = "<group>"; };
		22458204232604D90031CC7A /* BPIMDBOperator.swift */ = {isa = PBXFileReference; lastKnownFileType = sourcecode.swift; path = BPIMDBOperator.swift; sourceTree = "<group>"; };
		22458206232604EA0031CC7A /* BPNormalDBOperator.swift */ = {isa = PBXFileReference; lastKnownFileType = sourcecode.swift; path = BPNormalDBOperator.swift; sourceTree = "<group>"; };
		2245820A2326549E0031CC7A /* BPCacheManager.swift */ = {isa = PBXFileReference; lastKnownFileType = sourcecode.swift; path = BPCacheManager.swift; sourceTree = "<group>"; };
		22642BA4233A451D004E1DF9 /* NSObject+CrashDefender.h */ = {isa = PBXFileReference; lastKnownFileType = sourcecode.c.h; path = "NSObject+CrashDefender.h"; sourceTree = "<group>"; };
		22642BA5233A451D004E1DF9 /* NSObject+CrashDefender.m */ = {isa = PBXFileReference; lastKnownFileType = sourcecode.c.objc; path = "NSObject+CrashDefender.m"; sourceTree = "<group>"; };
		2264EF7A22F7BDE500A89C82 /* BPAlertManager.swift */ = {isa = PBXFileReference; lastKnownFileType = sourcecode.swift; path = BPAlertManager.swift; sourceTree = "<group>"; };
		2264EF7C22F7C6E500A89C82 /* BPTopWindowView.swift */ = {isa = PBXFileReference; lastKnownFileType = sourcecode.swift; path = BPTopWindowView.swift; sourceTree = "<group>"; };
		2264EF7E22F820F900A89C82 /* BPAlerViewTwoButton.swift */ = {isa = PBXFileReference; lastKnownFileType = sourcecode.swift; path = BPAlerViewTwoButton.swift; sourceTree = "<group>"; };
		2264EF8022F90EED00A89C82 /* BPBaseAlertView.swift */ = {isa = PBXFileReference; lastKnownFileType = sourcecode.swift; path = BPBaseAlertView.swift; sourceTree = "<group>"; };
		2264EF8322F91BF900A89C82 /* BPAlertViewOneButton.swift */ = {isa = PBXFileReference; lastKnownFileType = sourcecode.swift; path = BPAlertViewOneButton.swift; sourceTree = "<group>"; };
		2264EF8522F91E0700A89C82 /* BPAlertViewZeroButton.swift */ = {isa = PBXFileReference; lastKnownFileType = sourcecode.swift; path = BPAlertViewZeroButton.swift; sourceTree = "<group>"; };
		2264EF8722F9302B00A89C82 /* BPAlertViewImage.swift */ = {isa = PBXFileReference; lastKnownFileType = sourcecode.swift; path = BPAlertViewImage.swift; sourceTree = "<group>"; };
		2264EF8B22F9738700A89C82 /* iconfont.ttf */ = {isa = PBXFileReference; lastKnownFileType = file; path = iconfont.ttf; sourceTree = "<group>"; };
		2264EF8D22F979BD00A89C82 /* BPBaseRequest.swift */ = {isa = PBXFileReference; lastKnownFileType = sourcecode.swift; path = BPBaseRequest.swift; sourceTree = "<group>"; };
		2264EF8F22F979DB00A89C82 /* BPBaseResopnse.swift */ = {isa = PBXFileReference; lastKnownFileType = sourcecode.swift; path = BPBaseResopnse.swift; sourceTree = "<group>"; };
		2264EF9122F97A0E00A89C82 /* BPNetworkService.swift */ = {isa = PBXFileReference; lastKnownFileType = sourcecode.swift; path = BPNetworkService.swift; sourceTree = "<group>"; };
		2264EF9322F97A2800A89C82 /* BPTaskRequest.swift */ = {isa = PBXFileReference; lastKnownFileType = sourcecode.swift; path = BPTaskRequest.swift; sourceTree = "<group>"; };
		2264EF9522F98A3700A89C82 /* BPBaseButton.swift */ = {isa = PBXFileReference; lastKnownFileType = sourcecode.swift; path = BPBaseButton.swift; sourceTree = "<group>"; };
		22A877BD22FAB679004FF3A7 /* BPBaseImageView.swift */ = {isa = PBXFileReference; lastKnownFileType = sourcecode.swift; path = BPBaseImageView.swift; sourceTree = "<group>"; };
		22C621B422DC805600A7C849 /* BaseProject.app */ = {isa = PBXFileReference; explicitFileType = wrapper.application; includeInIndex = 0; path = BaseProject.app; sourceTree = BUILT_PRODUCTS_DIR; };
		22C621B722DC805600A7C849 /* AppDelegate.swift */ = {isa = PBXFileReference; lastKnownFileType = sourcecode.swift; path = AppDelegate.swift; sourceTree = "<group>"; };
		22C621B922DC805600A7C849 /* ViewController1.swift */ = {isa = PBXFileReference; lastKnownFileType = sourcecode.swift; path = ViewController1.swift; sourceTree = "<group>"; };
		22C621BE22DC805600A7C849 /* Assets.xcassets */ = {isa = PBXFileReference; lastKnownFileType = folder.assetcatalog; path = Assets.xcassets; sourceTree = "<group>"; };
		22C621C122DC805600A7C849 /* Base */ = {isa = PBXFileReference; lastKnownFileType = file.storyboard; name = Base; path = Base.lproj/LaunchScreen.storyboard; sourceTree = "<group>"; };
		22C621C322DC805600A7C849 /* Info.plist */ = {isa = PBXFileReference; lastKnownFileType = text.plist.xml; path = Info.plist; sourceTree = "<group>"; };
		22C621DC22DC822700A7C849 /* YYWantToKnowQuestionListModel.swift */ = {isa = PBXFileReference; lastKnownFileType = sourcecode.swift; path = YYWantToKnowQuestionListModel.swift; sourceTree = "<group>"; };
		22C621DE22DC886300A7C849 /* YYBaseModel.swift */ = {isa = PBXFileReference; lastKnownFileType = sourcecode.swift; path = YYBaseModel.swift; sourceTree = "<group>"; };
		22C621ED22DC8A7800A7C849 /* UIDevice+Extension.swift */ = {isa = PBXFileReference; lastKnownFileType = sourcecode.swift; path = "UIDevice+Extension.swift"; sourceTree = "<group>"; };
		22C621F022DC8D1000A7C849 /* YYGlobal.swift */ = {isa = PBXFileReference; lastKnownFileType = sourcecode.swift; path = YYGlobal.swift; sourceTree = "<group>"; };
		22C621F622DC8E0B00A7C849 /* UIColor+Extension.swift */ = {isa = PBXFileReference; lastKnownFileType = sourcecode.swift; path = "UIColor+Extension.swift"; sourceTree = "<group>"; };
		22C6221A22DF11AC00A7C849 /* YYUsrHomePageDataRequestAPI.swift */ = {isa = PBXFileReference; lastKnownFileType = sourcecode.swift; path = YYUsrHomePageDataRequestAPI.swift; sourceTree = "<group>"; };
		22C6221C22DF120900A7C849 /* Error+Extension.swift */ = {isa = PBXFileReference; lastKnownFileType = sourcecode.swift; path = "Error+Extension.swift"; sourceTree = "<group>"; };
		22D018F72321F431007AFA1B /* IMDatabase.md */ = {isa = PBXFileReference; lastKnownFileType = net.daringfireball.markdown; path = IMDatabase.md; sourceTree = "<group>"; };
		22D018F82321F7F0007AFA1B /* BPDatabaseProtocol.swift */ = {isa = PBXFileReference; lastKnownFileType = sourcecode.swift; path = BPDatabaseProtocol.swift; sourceTree = "<group>"; };
		22D018FA2321F800007AFA1B /* BPDatabaseManager.swift */ = {isa = PBXFileReference; lastKnownFileType = sourcecode.swift; path = BPDatabaseManager.swift; sourceTree = "<group>"; };
		22D4980C22FBC67300281530 /* top-loading.json */ = {isa = PBXFileReference; fileEncoding = 4; lastKnownFileType = text.json; path = "top-loading.json"; sourceTree = "<group>"; };
		22D4980E22FBCD0800281530 /* center-loading.json */ = {isa = PBXFileReference; fileEncoding = 4; lastKnownFileType = text.json; path = "center-loading.json"; sourceTree = "<group>"; };
		22D4981022FBCD9B00281530 /* BPBaseTableViewController.swift */ = {isa = PBXFileReference; lastKnownFileType = sourcecode.swift; path = BPBaseTableViewController.swift; sourceTree = "<group>"; };
		22D4981222FBCDA900281530 /* BPBaseViewController.swift */ = {isa = PBXFileReference; lastKnownFileType = sourcecode.swift; path = BPBaseViewController.swift; sourceTree = "<group>"; };
		22D4981422FBCDC600281530 /* BPNavigationBar.swift */ = {isa = PBXFileReference; lastKnownFileType = sourcecode.swift; path = BPNavigationBar.swift; sourceTree = "<group>"; };
		22D4981622FD05DD00281530 /* BPBaseRefreshControl.swift */ = {isa = PBXFileReference; lastKnownFileType = sourcecode.swift; path = BPBaseRefreshControl.swift; sourceTree = "<group>"; };
		22D4981922FD0A8B00281530 /* BPScrollRefreshProtocol.swift */ = {isa = PBXFileReference; lastKnownFileType = sourcecode.swift; path = BPScrollRefreshProtocol.swift; sourceTree = "<group>"; };
		22D4981E22FD163A00281530 /* BPRefreshHeaderView.swift */ = {isa = PBXFileReference; lastKnownFileType = sourcecode.swift; path = BPRefreshHeaderView.swift; sourceTree = "<group>"; };
		22D4982022FD164600281530 /* BPRefreshFooterView.swift */ = {isa = PBXFileReference; lastKnownFileType = sourcecode.swift; path = BPRefreshFooterView.swift; sourceTree = "<group>"; };
		62C207CFF7FD424CF4B3C8C3 /* Pods-BaseProject.release.xcconfig */ = {isa = PBXFileReference; includeInIndex = 1; lastKnownFileType = text.xcconfig; name = "Pods-BaseProject.release.xcconfig"; path = "Target Support Files/Pods-BaseProject/Pods-BaseProject.release.xcconfig"; sourceTree = "<group>"; };
		CF26718F22FEB39B00E6B47F /* BPBaseTabBarController.swift */ = {isa = PBXFileReference; lastKnownFileType = sourcecode.swift; path = BPBaseTabBarController.swift; sourceTree = "<group>"; };
		CF26719122FEF6E700E6B47F /* BPTabBar.swift */ = {isa = PBXFileReference; lastKnownFileType = sourcecode.swift; path = BPTabBar.swift; sourceTree = "<group>"; };
		CF26719322FF0A4300E6B47F /* ViewController2.swift */ = {isa = PBXFileReference; lastKnownFileType = sourcecode.swift; path = ViewController2.swift; sourceTree = "<group>"; };
		CF26719522FF0A5900E6B47F /* ViewController3.swift */ = {isa = PBXFileReference; lastKnownFileType = sourcecode.swift; path = ViewController3.swift; sourceTree = "<group>"; };
		CF26719722FF0A6B00E6B47F /* ViewController4.swift */ = {isa = PBXFileReference; lastKnownFileType = sourcecode.swift; path = ViewController4.swift; sourceTree = "<group>"; };
		CF26719922FF0B1B00E6B47F /* BPBaseNavigationController.swift */ = {isa = PBXFileReference; lastKnownFileType = sourcecode.swift; path = BPBaseNavigationController.swift; sourceTree = "<group>"; };
		CF26719C22FF973300E6B47F /* PublishView.swift */ = {isa = PBXFileReference; lastKnownFileType = sourcecode.swift; path = PublishView.swift; sourceTree = "<group>"; };
		CF27E37F22DE279E0056ADFA /* BaseProject-Bridging-Header.h */ = {isa = PBXFileReference; lastKnownFileType = sourcecode.c.h; path = "BaseProject-Bridging-Header.h"; sourceTree = "<group>"; };
		CF87869522F6F5380031E4B9 /* UINavigationController+Extension.swift */ = {isa = PBXFileReference; lastKnownFileType = sourcecode.swift; path = "UINavigationController+Extension.swift"; sourceTree = "<group>"; };
		CF87869722F709C20031E4B9 /* BPAuthoriationManager.swift */ = {isa = PBXFileReference; lastKnownFileType = sourcecode.swift; name = BPAuthoriationManager.swift; path = BaseProject/Extension/BPAuthoriationManager.swift; sourceTree = SOURCE_ROOT; };
		CF87869922F87BD60031E4B9 /* UIImage+Extension.swift */ = {isa = PBXFileReference; lastKnownFileType = sourcecode.swift; path = "UIImage+Extension.swift"; sourceTree = "<group>"; };
		CF8EB56322DCC05D00EC2FE5 /* SAMKeychain+Extension.swift */ = {isa = PBXFileReference; lastKnownFileType = sourcecode.swift; path = "SAMKeychain+Extension.swift"; sourceTree = "<group>"; };
		CF8EB56522DCC09B00EC2FE5 /* Bundle+Extension.swift */ = {isa = PBXFileReference; lastKnownFileType = sourcecode.swift; path = "Bundle+Extension.swift"; sourceTree = "<group>"; };
		CF8EB56A22DCC45800EC2FE5 /* UserDefault+Extension.swift */ = {isa = PBXFileReference; lastKnownFileType = sourcecode.swift; path = "UserDefault+Extension.swift"; sourceTree = "<group>"; };
		CF8EB57A22DCC61400EC2FE5 /* AVFoundation.framework */ = {isa = PBXFileReference; lastKnownFileType = wrapper.framework; name = AVFoundation.framework; path = System/Library/Frameworks/AVFoundation.framework; sourceTree = SDKROOT; };
		CF8EB58A22DCCCA600EC2FE5 /* UIFont+Extension.swift */ = {isa = PBXFileReference; lastKnownFileType = sourcecode.swift; path = "UIFont+Extension.swift"; sourceTree = "<group>"; };
		CF8EB58C22DCCCFC00EC2FE5 /* String+Extension.swift */ = {isa = PBXFileReference; lastKnownFileType = sourcecode.swift; path = "String+Extension.swift"; sourceTree = "<group>"; };
		CF8EB59B22DCCEBC00EC2FE5 /* IconFontString.swift */ = {isa = PBXFileReference; lastKnownFileType = sourcecode.swift; path = IconFontString.swift; sourceTree = "<group>"; };
		CF8EB59D22DCD04300EC2FE5 /* Date+Extension.swift */ = {isa = PBXFileReference; lastKnownFileType = sourcecode.swift; path = "Date+Extension.swift"; sourceTree = "<group>"; };
		CF8EB59F22DCD08A00EC2FE5 /* UIView+Extension.swift */ = {isa = PBXFileReference; lastKnownFileType = sourcecode.swift; path = "UIView+Extension.swift"; sourceTree = "<group>"; };
		CF8EB5A122DCD0DC00EC2FE5 /* UIViewController+Extension.swift */ = {isa = PBXFileReference; lastKnownFileType = sourcecode.swift; path = "UIViewController+Extension.swift"; sourceTree = "<group>"; };
		CF8EB5A522DCD1B300EC2FE5 /* YYBaseViewController+CustomNavigationBar.swift */ = {isa = PBXFileReference; lastKnownFileType = sourcecode.swift; path = "YYBaseViewController+CustomNavigationBar.swift"; sourceTree = "<group>"; };
		D1A3EF0650A7F2326222FB45 /* Pods-BaseProject.debug.xcconfig */ = {isa = PBXFileReference; includeInIndex = 1; lastKnownFileType = text.xcconfig; name = "Pods-BaseProject.debug.xcconfig"; path = "Target Support Files/Pods-BaseProject/Pods-BaseProject.debug.xcconfig"; sourceTree = "<group>"; };
		FCE0B51EBB89FBFB5A61CACA /* Pods_BaseProject.framework */ = {isa = PBXFileReference; explicitFileType = wrapper.framework; includeInIndex = 0; path = Pods_BaseProject.framework; sourceTree = BUILT_PRODUCTS_DIR; };
/* End PBXFileReference section */

/* Begin PBXFrameworksBuildPhase section */
		22C621B122DC805600A7C849 /* Frameworks */ = {
			isa = PBXFrameworksBuildPhase;
			buildActionMask = 2147483647;
			files = (
				CF8EB57B22DCC61400EC2FE5 /* AVFoundation.framework in Frameworks */,
				7B212ACC1EB4CBADF5DD63D4 /* Pods_BaseProject.framework in Frameworks */,
			);
			runOnlyForDeploymentPostprocessing = 0;
		};
/* End PBXFrameworksBuildPhase section */

/* Begin PBXGroup section */
		22413E3022E83DF400F2C678 /* Global */ = {
			isa = PBXGroup;
			children = (
				22C621F022DC8D1000A7C849 /* YYGlobal.swift */,
				22413E3122E83E2100F2C678 /* DeviceInfoGlobal.swift */,
				22413E3322E8400900F2C678 /* NotificationNameGlobal.swift */,
			);
			path = Global;
			sourceTree = "<group>";
		};
		224581FF232602ED0031CC7A /* Database */ = {
			isa = PBXGroup;
			children = (
				22D018F82321F7F0007AFA1B /* BPDatabaseProtocol.swift */,
				22D018FA2321F800007AFA1B /* BPDatabaseManager.swift */,
				224581FD2325EFCD0031CC7A /* BPSQLManager.swift */,
				22458204232604D90031CC7A /* BPIMDBOperator.swift */,
				22458206232604EA0031CC7A /* BPNormalDBOperator.swift */,
			);
			path = Database;
			sourceTree = "<group>";
		};
		224582092326513B0031CC7A /* FileManager */ = {
			isa = PBXGroup;
			children = (
				2245820A2326549E0031CC7A /* BPCacheManager.swift */,
			);
			path = FileManager;
			sourceTree = "<group>";
		};
		2264EF8222F9108500A89C82 /* AlertView */ = {
			isa = PBXGroup;
			children = (
				2264EF7A22F7BDE500A89C82 /* BPAlertManager.swift */,
				2264EF8022F90EED00A89C82 /* BPBaseAlertView.swift */,
				2264EF8522F91E0700A89C82 /* BPAlertViewZeroButton.swift */,
				2264EF8322F91BF900A89C82 /* BPAlertViewOneButton.swift */,
				2264EF7E22F820F900A89C82 /* BPAlerViewTwoButton.swift */,
				2264EF8722F9302B00A89C82 /* BPAlertViewImage.swift */,
			);
			path = AlertView;
			sourceTree = "<group>";
		};
		22868109230AA14D005E113E /* BaseView */ = {
			isa = PBXGroup;
			children = (
				CF26719122FEF6E700E6B47F /* BPTabBar.swift */,
				2264EF9522F98A3700A89C82 /* BPBaseButton.swift */,
				22A877BD22FAB679004FF3A7 /* BPBaseImageView.swift */,
				22D4981422FBCDC600281530 /* BPNavigationBar.swift */,
			);
			path = BaseView;
			sourceTree = "<group>";
		};
		22C621AB22DC805600A7C849 = {
			isa = PBXGroup;
			children = (
				22C621B622DC805600A7C849 /* BaseProject */,
				22C621B522DC805600A7C849 /* Products */,
				FBA72A1EACBAF5BFC2A38AAD /* Pods */,
				C7C580CA7C5CFA0EEAB645A7 /* Frameworks */,
			);
			sourceTree = "<group>";
		};
		22C621B522DC805600A7C849 /* Products */ = {
			isa = PBXGroup;
			children = (
				22C621B422DC805600A7C849 /* BaseProject.app */,
			);
			name = Products;
			sourceTree = "<group>";
		};
		22C621B622DC805600A7C849 /* BaseProject */ = {
			isa = PBXGroup;
			children = (
				CF27E38322DE28390056ADFA /* Module */,
				CF27E37E22DE27400056ADFA /* Resource */,
				CF8EB58522DCCB8200EC2FE5 /* Base */,
				CF8EB56C22DCC48F00EC2FE5 /* DataCenter */,
				22C621F822DC8E7600A7C849 /* Utils */,
				22C621EF22DC8CFD00A7C849 /* Config */,
				22C621EA22DC89D500A7C849 /* Extension */,
				22C621DB22DC821000A7C849 /* Demo */,
				22C621B722DC805600A7C849 /* AppDelegate.swift */,
				22C621BE22DC805600A7C849 /* Assets.xcassets */,
				22C621C022DC805600A7C849 /* LaunchScreen.storyboard */,
				22C621C322DC805600A7C849 /* Info.plist */,
			);
			path = BaseProject;
			sourceTree = "<group>";
		};
		22C621C922DC815A00A7C849 /* Network */ = {
			isa = PBXGroup;
			children = (
				2264EF8D22F979BD00A89C82 /* BPBaseRequest.swift */,
				2264EF8F22F979DB00A89C82 /* BPBaseResopnse.swift */,
				2264EF9122F97A0E00A89C82 /* BPNetworkService.swift */,
				2264EF9322F97A2800A89C82 /* BPTaskRequest.swift */,
			);
			path = Network;
			sourceTree = "<group>";
		};
		22C621DB22DC821000A7C849 /* Demo */ = {
			isa = PBXGroup;
			children = (
				CF26719B22FF970F00E6B47F /* Publish */,
				22C621DC22DC822700A7C849 /* YYWantToKnowQuestionListModel.swift */,
				22C621DE22DC886300A7C849 /* YYBaseModel.swift */,
				22C621B922DC805600A7C849 /* ViewController1.swift */,
				CF26719322FF0A4300E6B47F /* ViewController2.swift */,
				CF26719522FF0A5900E6B47F /* ViewController3.swift */,
				CF26719722FF0A6B00E6B47F /* ViewController4.swift */,
			);
			path = Demo;
			sourceTree = "<group>";
		};
		22C621EA22DC89D500A7C849 /* Extension */ = {
			isa = PBXGroup;
			children = (
				22C621ED22DC8A7800A7C849 /* UIDevice+Extension.swift */,
				22C621F622DC8E0B00A7C849 /* UIColor+Extension.swift */,
				CF8EB56322DCC05D00EC2FE5 /* SAMKeychain+Extension.swift */,
				CF8EB56522DCC09B00EC2FE5 /* Bundle+Extension.swift */,
				CF8EB56A22DCC45800EC2FE5 /* UserDefault+Extension.swift */,
				CF8EB58A22DCCCA600EC2FE5 /* UIFont+Extension.swift */,
				CF8EB58C22DCCCFC00EC2FE5 /* String+Extension.swift */,
				CF8EB59D22DCD04300EC2FE5 /* Date+Extension.swift */,
				2211803222EEE47500B77911 /* CALayer+Extension.swift */,
				CF8EB59F22DCD08A00EC2FE5 /* UIView+Extension.swift */,
				CF8EB5A122DCD0DC00EC2FE5 /* UIViewController+Extension.swift */,
				CF87869522F6F5380031E4B9 /* UINavigationController+Extension.swift */,
				CF8EB5A522DCD1B300EC2FE5 /* YYBaseViewController+CustomNavigationBar.swift */,
				22C6221C22DF120900A7C849 /* Error+Extension.swift */,
				221F5C4922E95B4000F9355C /* AppDelegate+Extension.swift */,
				CF87869922F87BD60031E4B9 /* UIImage+Extension.swift */,
				22642BA4233A451D004E1DF9 /* NSObject+CrashDefender.h */,
				22642BA5233A451D004E1DF9 /* NSObject+CrashDefender.m */,
			);
			path = Extension;
			sourceTree = "<group>";
		};
		22C621EF22DC8CFD00A7C849 /* Config */ = {
			isa = PBXGroup;
			children = (
				22413E3022E83DF400F2C678 /* Global */,
				CF8EB59B22DCCEBC00EC2FE5 /* IconFontString.swift */,
			);
			path = Config;
			sourceTree = "<group>";
		};
		22C621F822DC8E7600A7C849 /* Utils */ = {
			isa = PBXGroup;
			children = (
				CF87869722F709C20031E4B9 /* BPAuthoriationManager.swift */,
				2264EF7C22F7C6E500A89C82 /* BPTopWindowView.swift */,
				2264EF8222F9108500A89C82 /* AlertView */,
			);
			path = Utils;
			sourceTree = "<group>";
		};
		22C6221722DF118400A7C849 /* HomePage */ = {
			isa = PBXGroup;
			children = (
				22C6221822DF119000A7C849 /* Manager */,
			);
			path = HomePage;
			sourceTree = "<group>";
		};
		22C6221822DF119000A7C849 /* Manager */ = {
			isa = PBXGroup;
			children = (
				22C6221922DF119600A7C849 /* Request */,
			);
			path = Manager;
			sourceTree = "<group>";
		};
		22C6221922DF119600A7C849 /* Request */ = {
			isa = PBXGroup;
			children = (
				22C6221A22DF11AC00A7C849 /* YYUsrHomePageDataRequestAPI.swift */,
			);
			path = Request;
			sourceTree = "<group>";
		};
		22D018F62321F36A007AFA1B /* FMDatabase */ = {
			isa = PBXGroup;
			children = (
				224581FF232602ED0031CC7A /* Database */,
				22D018F72321F431007AFA1B /* IMDatabase.md */,
				224582002326032B0031CC7A /* IMDBCenter.swift */,
				224582022326044D0031CC7A /* NormalDBCenter.swift */,
			);
			path = FMDatabase;
			sourceTree = "<group>";
		};
		22D497FF22FBB0E700281530 /* LottieFiles */ = {
			isa = PBXGroup;
			children = (
				22D4980E22FBCD0800281530 /* center-loading.json */,
				22D4980C22FBC67300281530 /* top-loading.json */,
			);
			path = LottieFiles;
			sourceTree = "<group>";
		};
		22D4981D22FD160500281530 /* RefreshControl */ = {
			isa = PBXGroup;
			children = (
				22D4981922FD0A8B00281530 /* BPScrollRefreshProtocol.swift */,
				22D4981622FD05DD00281530 /* BPBaseRefreshControl.swift */,
				22D4981E22FD163A00281530 /* BPRefreshHeaderView.swift */,
				22D4982022FD164600281530 /* BPRefreshFooterView.swift */,
			);
			path = RefreshControl;
			sourceTree = "<group>";
		};
		C7C580CA7C5CFA0EEAB645A7 /* Frameworks */ = {
			isa = PBXGroup;
			children = (
				CF8EB57A22DCC61400EC2FE5 /* AVFoundation.framework */,
				FCE0B51EBB89FBFB5A61CACA /* Pods_BaseProject.framework */,
			);
			name = Frameworks;
			sourceTree = "<group>";
		};
		CF26719B22FF970F00E6B47F /* Publish */ = {
			isa = PBXGroup;
			children = (
				CF26719C22FF973300E6B47F /* PublishView.swift */,
			);
			path = Publish;
			sourceTree = "<group>";
		};
		CF27E37E22DE27400056ADFA /* Resource */ = {
			isa = PBXGroup;
			children = (
				22D497FF22FBB0E700281530 /* LottieFiles */,
				2264EF8B22F9738700A89C82 /* iconfont.ttf */,
				CF27E37F22DE279E0056ADFA /* BaseProject-Bridging-Header.h */,
			);
			path = Resource;
			sourceTree = "<group>";
		};
		CF27E38322DE28390056ADFA /* Module */ = {
			isa = PBXGroup;
			children = (
				22C6221722DF118400A7C849 /* HomePage */,
			);
			path = Module;
			sourceTree = "<group>";
		};
		CF8EB56C22DCC48F00EC2FE5 /* DataCenter */ = {
			isa = PBXGroup;
			children = (
				224582092326513B0031CC7A /* FileManager */,
				22D018F62321F36A007AFA1B /* FMDatabase */,
				22C621C922DC815A00A7C849 /* Network */,
			);
			path = DataCenter;
			sourceTree = "<group>";
		};
		CF8EB58522DCCB8200EC2FE5 /* Base */ = {
			isa = PBXGroup;
			children = (
				22868109230AA14D005E113E /* BaseView */,
				22D4981D22FD160500281530 /* RefreshControl */,
				CF8EB5A422DCD18400EC2FE5 /* BaseController */,
			);
			path = Base;
			sourceTree = "<group>";
		};
		CF8EB5A422DCD18400EC2FE5 /* BaseController */ = {
			isa = PBXGroup;
			children = (
				CF26719922FF0B1B00E6B47F /* BPBaseNavigationController.swift */,
				22D4981022FBCD9B00281530 /* BPBaseTableViewController.swift */,
				22D4981222FBCDA900281530 /* BPBaseViewController.swift */,
				CF26718F22FEB39B00E6B47F /* BPBaseTabBarController.swift */,
			);
			path = BaseController;
			sourceTree = "<group>";
		};
		FBA72A1EACBAF5BFC2A38AAD /* Pods */ = {
			isa = PBXGroup;
			children = (
				D1A3EF0650A7F2326222FB45 /* Pods-BaseProject.debug.xcconfig */,
				62C207CFF7FD424CF4B3C8C3 /* Pods-BaseProject.release.xcconfig */,
			);
			path = Pods;
			sourceTree = "<group>";
		};
/* End PBXGroup section */

/* Begin PBXNativeTarget section */
		22C621B322DC805600A7C849 /* BaseProject */ = {
			isa = PBXNativeTarget;
			buildConfigurationList = 22C621C622DC805600A7C849 /* Build configuration list for PBXNativeTarget "BaseProject" */;
			buildPhases = (
				A6658AA7819C31833D312EF5 /* [CP] Check Pods Manifest.lock */,
				22C621B022DC805600A7C849 /* Sources */,
				22C621B122DC805600A7C849 /* Frameworks */,
				22C621B222DC805600A7C849 /* Resources */,
				730ADAAADB56E49D34613BF9 /* [CP] Embed Pods Frameworks */,
			);
			buildRules = (
			);
			dependencies = (
			);
			name = BaseProject;
			productName = BaseProject;
			productReference = 22C621B422DC805600A7C849 /* BaseProject.app */;
			productType = "com.apple.product-type.application";
		};
/* End PBXNativeTarget section */

/* Begin PBXProject section */
		22C621AC22DC805600A7C849 /* Project object */ = {
			isa = PBXProject;
			attributes = {
				LastSwiftUpdateCheck = 1020;
				LastUpgradeCheck = 1020;
				ORGANIZATIONNAME = "沙庭宇";
				TargetAttributes = {
					22C621B322DC805600A7C849 = {
						CreatedOnToolsVersion = 10.2.1;
						LastSwiftMigration = 1020;
					};
				};
			};
			buildConfigurationList = 22C621AF22DC805600A7C849 /* Build configuration list for PBXProject "BaseProject" */;
			compatibilityVersion = "Xcode 9.3";
			developmentRegion = en;
			hasScannedForEncodings = 0;
			knownRegions = (
				en,
				Base,
			);
			mainGroup = 22C621AB22DC805600A7C849;
			productRefGroup = 22C621B522DC805600A7C849 /* Products */;
			projectDirPath = "";
			projectRoot = "";
			targets = (
				22C621B322DC805600A7C849 /* BaseProject */,
			);
		};
/* End PBXProject section */

/* Begin PBXResourcesBuildPhase section */
		22C621B222DC805600A7C849 /* Resources */ = {
			isa = PBXResourcesBuildPhase;
			buildActionMask = 2147483647;
			files = (
				22D4980D22FBC67300281530 /* top-loading.json in Resources */,
				22C621C222DC805600A7C849 /* LaunchScreen.storyboard in Resources */,
				22C621BF22DC805600A7C849 /* Assets.xcassets in Resources */,
				22D4980F22FBCD0800281530 /* center-loading.json in Resources */,
				2264EF8C22F9738700A89C82 /* iconfont.ttf in Resources */,
			);
			runOnlyForDeploymentPostprocessing = 0;
		};
/* End PBXResourcesBuildPhase section */

/* Begin PBXShellScriptBuildPhase section */
		730ADAAADB56E49D34613BF9 /* [CP] Embed Pods Frameworks */ = {
			isa = PBXShellScriptBuildPhase;
			buildActionMask = 2147483647;
			files = (
			);
			inputFileListPaths = (
				"${PODS_ROOT}/Target Support Files/Pods-BaseProject/Pods-BaseProject-frameworks-${CONFIGURATION}-input-files.xcfilelist",
			);
			name = "[CP] Embed Pods Frameworks";
			outputFileListPaths = (
				"${PODS_ROOT}/Target Support Files/Pods-BaseProject/Pods-BaseProject-frameworks-${CONFIGURATION}-output-files.xcfilelist",
			);
			runOnlyForDeploymentPostprocessing = 0;
			shellPath = /bin/sh;
			shellScript = "\"${PODS_ROOT}/Target Support Files/Pods-BaseProject/Pods-BaseProject-frameworks.sh\"\n";
			showEnvVarsInLog = 0;
		};
		A6658AA7819C31833D312EF5 /* [CP] Check Pods Manifest.lock */ = {
			isa = PBXShellScriptBuildPhase;
			buildActionMask = 2147483647;
			files = (
			);
			inputFileListPaths = (
			);
			inputPaths = (
				"${PODS_PODFILE_DIR_PATH}/Podfile.lock",
				"${PODS_ROOT}/Manifest.lock",
			);
			name = "[CP] Check Pods Manifest.lock";
			outputFileListPaths = (
			);
			outputPaths = (
				"$(DERIVED_FILE_DIR)/Pods-BaseProject-checkManifestLockResult.txt",
			);
			runOnlyForDeploymentPostprocessing = 0;
			shellPath = /bin/sh;
			shellScript = "diff \"${PODS_PODFILE_DIR_PATH}/Podfile.lock\" \"${PODS_ROOT}/Manifest.lock\" > /dev/null\nif [ $? != 0 ] ; then\n    # print error to STDERR\n    echo \"error: The sandbox is not in sync with the Podfile.lock. Run 'pod install' or update your CocoaPods installation.\" >&2\n    exit 1\nfi\n# This output is used by Xcode 'outputs' to avoid re-running this script phase.\necho \"SUCCESS\" > \"${SCRIPT_OUTPUT_FILE_0}\"\n";
			showEnvVarsInLog = 0;
		};
/* End PBXShellScriptBuildPhase section */

/* Begin PBXSourcesBuildPhase section */
		22C621B022DC805600A7C849 /* Sources */ = {
			isa = PBXSourcesBuildPhase;
			buildActionMask = 2147483647;
			files = (
				22458205232604D90031CC7A /* BPIMDBOperator.swift in Sources */,
				22C621BA22DC805600A7C849 /* ViewController1.swift in Sources */,
				22D4981322FBCDA900281530 /* BPBaseViewController.swift in Sources */,
				22413E3422E8400900F2C678 /* NotificationNameGlobal.swift in Sources */,
				22458207232604EA0031CC7A /* BPNormalDBOperator.swift in Sources */,
				22413E3222E83E2100F2C678 /* DeviceInfoGlobal.swift in Sources */,
				CF87869822F709C20031E4B9 /* BPAuthoriationManager.swift in Sources */,
				224582012326032B0031CC7A /* IMDBCenter.swift in Sources */,
				22C621DD22DC822700A7C849 /* YYWantToKnowQuestionListModel.swift in Sources */,
				CF26719022FEB39B00E6B47F /* BPBaseTabBarController.swift in Sources */,
				CF8EB58B22DCCCA600EC2FE5 /* UIFont+Extension.swift in Sources */,
				22A877BE22FAB679004FF3A7 /* BPBaseImageView.swift in Sources */,
				2264EF8622F91E0700A89C82 /* BPAlertViewZeroButton.swift in Sources */,
				CF26719822FF0A6B00E6B47F /* ViewController4.swift in Sources */,
				22C6221D22DF120900A7C849 /* Error+Extension.swift in Sources */,
				CF8EB5A022DCD08A00EC2FE5 /* UIView+Extension.swift in Sources */,
				2264EF8422F91BF900A89C82 /* BPAlertViewOneButton.swift in Sources */,
				2264EF9222F97A0E00A89C82 /* BPNetworkService.swift in Sources */,
				22D4981722FD05DD00281530 /* BPBaseRefreshControl.swift in Sources */,
				22642BA6233A451D004E1DF9 /* NSObject+CrashDefender.m in Sources */,
				22D4981A22FD0A8B00281530 /* BPScrollRefreshProtocol.swift in Sources */,
				2264EF8E22F979BD00A89C82 /* BPBaseRequest.swift in Sources */,
				2245820B2326549E0031CC7A /* BPCacheManager.swift in Sources */,
				2264EF7F22F820F900A89C82 /* BPAlerViewTwoButton.swift in Sources */,
				CF8EB56422DCC05D00EC2FE5 /* SAMKeychain+Extension.swift in Sources */,
				22D018F92321F7F0007AFA1B /* BPDatabaseProtocol.swift in Sources */,
				CF8EB59E22DCD04300EC2FE5 /* Date+Extension.swift in Sources */,
				224582032326044D0031CC7A /* NormalDBCenter.swift in Sources */,
				CF8EB56B22DCC45800EC2FE5 /* UserDefault+Extension.swift in Sources */,
				22C621F122DC8D1000A7C849 /* YYGlobal.swift in Sources */,
				22D4981522FBCDC600281530 /* BPNavigationBar.swift in Sources */,
				22C621EE22DC8A7800A7C849 /* UIDevice+Extension.swift in Sources */,
				2264EF7D22F7C6E500A89C82 /* BPTopWindowView.swift in Sources */,
				22D4981F22FD163A00281530 /* BPRefreshHeaderView.swift in Sources */,
				22C621DF22DC886300A7C849 /* YYBaseModel.swift in Sources */,
				2264EF9422F97A2800A89C82 /* BPTaskRequest.swift in Sources */,
				CF26719422FF0A4300E6B47F /* ViewController2.swift in Sources */,
				CF8EB59C22DCCEBC00EC2FE5 /* IconFontString.swift in Sources */,
				CF26719622FF0A5900E6B47F /* ViewController3.swift in Sources */,
				CF26719D22FF973300E6B47F /* PublishView.swift in Sources */,
				22D018FB2321F800007AFA1B /* BPDatabaseManager.swift in Sources */,
				CF87869622F6F5380031E4B9 /* UINavigationController+Extension.swift in Sources */,
				CF8EB5A222DCD0DC00EC2FE5 /* UIViewController+Extension.swift in Sources */,
				CF87869A22F87BD60031E4B9 /* UIImage+Extension.swift in Sources */,
				2264EF7B22F7BDE500A89C82 /* BPAlertManager.swift in Sources */,
				CF26719A22FF0B1B00E6B47F /* BPBaseNavigationController.swift in Sources */,
				221F5C4A22E95B4000F9355C /* AppDelegate+Extension.swift in Sources */,
				CF8EB5A622DCD1B300EC2FE5 /* YYBaseViewController+CustomNavigationBar.swift in Sources */,
				2211803322EEE47500B77911 /* CALayer+Extension.swift in Sources */,
				22D4982122FD164600281530 /* BPRefreshFooterView.swift in Sources */,
				22C6221B22DF11AC00A7C849 /* YYUsrHomePageDataRequestAPI.swift in Sources */,
				2264EF9622F98A3700A89C82 /* BPBaseButton.swift in Sources */,
				CF26719222FEF6E700E6B47F /* BPTabBar.swift in Sources */,
				22D4981122FBCD9B00281530 /* BPBaseTableViewController.swift in Sources */,
				2264EF8122F90EED00A89C82 /* BPBaseAlertView.swift in Sources */,
				22C621B822DC805600A7C849 /* AppDelegate.swift in Sources */,
				224581FE2325EFCD0031CC7A /* BPSQLManager.swift in Sources */,
				2264EF8822F9302B00A89C82 /* BPAlertViewImage.swift in Sources */,
				2264EF9022F979DB00A89C82 /* BPBaseResopnse.swift in Sources */,
				CF8EB56622DCC09B00EC2FE5 /* Bundle+Extension.swift in Sources */,
				CF8EB58D22DCCCFC00EC2FE5 /* String+Extension.swift in Sources */,
				22C621F722DC8E0B00A7C849 /* UIColor+Extension.swift in Sources */,
			);
			runOnlyForDeploymentPostprocessing = 0;
		};
/* End PBXSourcesBuildPhase section */

/* Begin PBXVariantGroup section */
		22C621C022DC805600A7C849 /* LaunchScreen.storyboard */ = {
			isa = PBXVariantGroup;
			children = (
				22C621C122DC805600A7C849 /* Base */,
			);
			name = LaunchScreen.storyboard;
			sourceTree = "<group>";
		};
/* End PBXVariantGroup section */

/* Begin XCBuildConfiguration section */
		22C621C422DC805600A7C849 /* Debug */ = {
			isa = XCBuildConfiguration;
			buildSettings = {
				ALWAYS_SEARCH_USER_PATHS = NO;
				CLANG_ANALYZER_NONNULL = YES;
				CLANG_ANALYZER_NUMBER_OBJECT_CONVERSION = YES_AGGRESSIVE;
				CLANG_CXX_LANGUAGE_STANDARD = "gnu++14";
				CLANG_CXX_LIBRARY = "libc++";
				CLANG_ENABLE_MODULES = YES;
				CLANG_ENABLE_OBJC_ARC = YES;
				CLANG_ENABLE_OBJC_WEAK = YES;
				CLANG_WARN_BLOCK_CAPTURE_AUTORELEASING = YES;
				CLANG_WARN_BOOL_CONVERSION = YES;
				CLANG_WARN_COMMA = YES;
				CLANG_WARN_CONSTANT_CONVERSION = YES;
				CLANG_WARN_DEPRECATED_OBJC_IMPLEMENTATIONS = YES;
				CLANG_WARN_DIRECT_OBJC_ISA_USAGE = YES_ERROR;
				CLANG_WARN_DOCUMENTATION_COMMENTS = YES;
				CLANG_WARN_EMPTY_BODY = YES;
				CLANG_WARN_ENUM_CONVERSION = YES;
				CLANG_WARN_INFINITE_RECURSION = YES;
				CLANG_WARN_INT_CONVERSION = YES;
				CLANG_WARN_NON_LITERAL_NULL_CONVERSION = YES;
				CLANG_WARN_OBJC_IMPLICIT_RETAIN_SELF = YES;
				CLANG_WARN_OBJC_LITERAL_CONVERSION = YES;
				CLANG_WARN_OBJC_ROOT_CLASS = YES_ERROR;
				CLANG_WARN_RANGE_LOOP_ANALYSIS = YES;
				CLANG_WARN_STRICT_PROTOTYPES = YES;
				CLANG_WARN_SUSPICIOUS_MOVE = YES;
				CLANG_WARN_UNGUARDED_AVAILABILITY = YES_AGGRESSIVE;
				CLANG_WARN_UNREACHABLE_CODE = YES;
				CLANG_WARN__DUPLICATE_METHOD_MATCH = YES;
				CODE_SIGN_IDENTITY = "iPhone Developer";
				COPY_PHASE_STRIP = NO;
				DEBUG_INFORMATION_FORMAT = dwarf;
				ENABLE_STRICT_OBJC_MSGSEND = YES;
				ENABLE_TESTABILITY = YES;
				GCC_C_LANGUAGE_STANDARD = gnu11;
				GCC_DYNAMIC_NO_PIC = NO;
				GCC_NO_COMMON_BLOCKS = YES;
				GCC_OPTIMIZATION_LEVEL = 0;
				GCC_PREPROCESSOR_DEFINITIONS = (
					"DEBUG=1",
					"$(inherited)",
				);
				GCC_WARN_64_TO_32_BIT_CONVERSION = YES;
				GCC_WARN_ABOUT_RETURN_TYPE = YES_ERROR;
				GCC_WARN_UNDECLARED_SELECTOR = YES;
				GCC_WARN_UNINITIALIZED_AUTOS = YES_AGGRESSIVE;
				GCC_WARN_UNUSED_FUNCTION = YES;
				GCC_WARN_UNUSED_VARIABLE = YES;
				IPHONEOS_DEPLOYMENT_TARGET = 12.2;
				MTL_ENABLE_DEBUG_INFO = INCLUDE_SOURCE;
				MTL_FAST_MATH = YES;
				ONLY_ACTIVE_ARCH = YES;
				SDKROOT = iphoneos;
				SWIFT_ACTIVE_COMPILATION_CONDITIONS = DEBUG;
				SWIFT_OPTIMIZATION_LEVEL = "-Onone";
			};
			name = Debug;
		};
		22C621C522DC805600A7C849 /* Release */ = {
			isa = XCBuildConfiguration;
			buildSettings = {
				ALWAYS_SEARCH_USER_PATHS = NO;
				CLANG_ANALYZER_NONNULL = YES;
				CLANG_ANALYZER_NUMBER_OBJECT_CONVERSION = YES_AGGRESSIVE;
				CLANG_CXX_LANGUAGE_STANDARD = "gnu++14";
				CLANG_CXX_LIBRARY = "libc++";
				CLANG_ENABLE_MODULES = YES;
				CLANG_ENABLE_OBJC_ARC = YES;
				CLANG_ENABLE_OBJC_WEAK = YES;
				CLANG_WARN_BLOCK_CAPTURE_AUTORELEASING = YES;
				CLANG_WARN_BOOL_CONVERSION = YES;
				CLANG_WARN_COMMA = YES;
				CLANG_WARN_CONSTANT_CONVERSION = YES;
				CLANG_WARN_DEPRECATED_OBJC_IMPLEMENTATIONS = YES;
				CLANG_WARN_DIRECT_OBJC_ISA_USAGE = YES_ERROR;
				CLANG_WARN_DOCUMENTATION_COMMENTS = YES;
				CLANG_WARN_EMPTY_BODY = YES;
				CLANG_WARN_ENUM_CONVERSION = YES;
				CLANG_WARN_INFINITE_RECURSION = YES;
				CLANG_WARN_INT_CONVERSION = YES;
				CLANG_WARN_NON_LITERAL_NULL_CONVERSION = YES;
				CLANG_WARN_OBJC_IMPLICIT_RETAIN_SELF = YES;
				CLANG_WARN_OBJC_LITERAL_CONVERSION = YES;
				CLANG_WARN_OBJC_ROOT_CLASS = YES_ERROR;
				CLANG_WARN_RANGE_LOOP_ANALYSIS = YES;
				CLANG_WARN_STRICT_PROTOTYPES = YES;
				CLANG_WARN_SUSPICIOUS_MOVE = YES;
				CLANG_WARN_UNGUARDED_AVAILABILITY = YES_AGGRESSIVE;
				CLANG_WARN_UNREACHABLE_CODE = YES;
				CLANG_WARN__DUPLICATE_METHOD_MATCH = YES;
				CODE_SIGN_IDENTITY = "iPhone Developer";
				COPY_PHASE_STRIP = NO;
				DEBUG_INFORMATION_FORMAT = "dwarf-with-dsym";
				ENABLE_NS_ASSERTIONS = NO;
				ENABLE_STRICT_OBJC_MSGSEND = YES;
				GCC_C_LANGUAGE_STANDARD = gnu11;
				GCC_NO_COMMON_BLOCKS = YES;
				GCC_WARN_64_TO_32_BIT_CONVERSION = YES;
				GCC_WARN_ABOUT_RETURN_TYPE = YES_ERROR;
				GCC_WARN_UNDECLARED_SELECTOR = YES;
				GCC_WARN_UNINITIALIZED_AUTOS = YES_AGGRESSIVE;
				GCC_WARN_UNUSED_FUNCTION = YES;
				GCC_WARN_UNUSED_VARIABLE = YES;
				IPHONEOS_DEPLOYMENT_TARGET = 12.2;
				MTL_ENABLE_DEBUG_INFO = NO;
				MTL_FAST_MATH = YES;
				SDKROOT = iphoneos;
				SWIFT_COMPILATION_MODE = wholemodule;
				SWIFT_OPTIMIZATION_LEVEL = "-O";
				VALIDATE_PRODUCT = YES;
			};
			name = Release;
		};
		22C621C722DC805600A7C849 /* Debug */ = {
			isa = XCBuildConfiguration;
			baseConfigurationReference = D1A3EF0650A7F2326222FB45 /* Pods-BaseProject.debug.xcconfig */;
			buildSettings = {
				ASSETCATALOG_COMPILER_APPICON_NAME = AppIcon;
				CLANG_ENABLE_MODULES = YES;
				CODE_SIGN_STYLE = Automatic;
				DEVELOPMENT_TEAM = U9HAAL78T3;
				INFOPLIST_FILE = BaseProject/Info.plist;
				LD_RUNPATH_SEARCH_PATHS = (
					"$(inherited)",
					"@executable_path/Frameworks",
				);
				PRODUCT_BUNDLE_IDENTIFIER = samOriginal.BaseProject;
				PRODUCT_NAME = "$(TARGET_NAME)";
				SWIFT_OBJC_BRIDGING_HEADER = "BaseProject/Resource/BaseProject-Bridging-Header.h";
				SWIFT_OPTIMIZATION_LEVEL = "-Onone";
				SWIFT_VERSION = 5.0;
				TARGETED_DEVICE_FAMILY = "1,2";
			};
			name = Debug;
		};
		22C621C822DC805600A7C849 /* Release */ = {
			isa = XCBuildConfiguration;
			baseConfigurationReference = 62C207CFF7FD424CF4B3C8C3 /* Pods-BaseProject.release.xcconfig */;
			buildSettings = {
				ASSETCATALOG_COMPILER_APPICON_NAME = AppIcon;
				CLANG_ENABLE_MODULES = YES;
				CODE_SIGN_STYLE = Automatic;
				DEVELOPMENT_TEAM = U9HAAL78T3;
				INFOPLIST_FILE = BaseProject/Info.plist;
				LD_RUNPATH_SEARCH_PATHS = (
					"$(inherited)",
					"@executable_path/Frameworks",
				);
				PRODUCT_BUNDLE_IDENTIFIER = samOriginal.BaseProject;
				PRODUCT_NAME = "$(TARGET_NAME)";
				SWIFT_OBJC_BRIDGING_HEADER = "BaseProject/Resource/BaseProject-Bridging-Header.h";
				SWIFT_VERSION = 5.0;
				TARGETED_DEVICE_FAMILY = "1,2";
			};
			name = Release;
		};
/* End XCBuildConfiguration section */

/* Begin XCConfigurationList section */
		22C621AF22DC805600A7C849 /* Build configuration list for PBXProject "BaseProject" */ = {
			isa = XCConfigurationList;
			buildConfigurations = (
				22C621C422DC805600A7C849 /* Debug */,
				22C621C522DC805600A7C849 /* Release */,
			);
			defaultConfigurationIsVisible = 0;
			defaultConfigurationName = Release;
		};
		22C621C622DC805600A7C849 /* Build configuration list for PBXNativeTarget "BaseProject" */ = {
			isa = XCConfigurationList;
			buildConfigurations = (
				22C621C722DC805600A7C849 /* Debug */,
				22C621C822DC805600A7C849 /* Release */,
			);
			defaultConfigurationIsVisible = 0;
			defaultConfigurationName = Release;
		};
/* End XCConfigurationList section */
	};
	rootObject = 22C621AC22DC805600A7C849 /* Project object */;
}
